// !$*UTF8*$!
{
	archiveVersion = 1;
	classes = {
	};
	objectVersion = 50;
	objects = {

/* Begin PBXBuildFile section */
		3EAC291D232F758000C6C6E1 /* AppDelegate.m in Sources */ = {isa = PBXBuildFile; fileRef = 3EAC291C232F758000C6C6E1 /* AppDelegate.m */; };
		3EAC2920232F758000C6C6E1 /* ViewController.m in Sources */ = {isa = PBXBuildFile; fileRef = 3EAC291F232F758000C6C6E1 /* ViewController.m */; };
		3EAC2923232F758000C6C6E1 /* Main.storyboard in Resources */ = {isa = PBXBuildFile; fileRef = 3EAC2921232F758000C6C6E1 /* Main.storyboard */; };
		3EAC2925232F758100C6C6E1 /* Assets.xcassets in Resources */ = {isa = PBXBuildFile; fileRef = 3EAC2924232F758100C6C6E1 /* Assets.xcassets */; };
		3EAC2928232F758100C6C6E1 /* LaunchScreen.storyboard in Resources */ = {isa = PBXBuildFile; fileRef = 3EAC2926232F758100C6C6E1 /* LaunchScreen.storyboard */; };
		3EAC292B232F758100C6C6E1 /* main.m in Sources */ = {isa = PBXBuildFile; fileRef = 3EAC292A232F758100C6C6E1 /* main.m */; };
		55D82EC835D9A3ECFA025A9A /* libPods-ModuleDemo.a in Frameworks */ = {isa = PBXBuildFile; fileRef = F9A5A3F51A519DF0B0004E3A /* libPods-ModuleDemo.a */; };
/* End PBXBuildFile section */

/* Begin PBXFileReference section */
		3EAC2918232F758000C6C6E1 /* ModuleDemo.app */ = {isa = PBXFileReference; explicitFileType = wrapper.application; includeInIndex = 0; path = ModuleDemo.app; sourceTree = BUILT_PRODUCTS_DIR; };
		3EAC291B232F758000C6C6E1 /* AppDelegate.h */ = {isa = PBXFileReference; lastKnownFileType = sourcecode.c.h; path = AppDelegate.h; sourceTree = "<group>"; };
		3EAC291C232F758000C6C6E1 /* AppDelegate.m */ = {isa = PBXFileReference; lastKnownFileType = sourcecode.c.objc; path = AppDelegate.m; sourceTree = "<group>"; };
		3EAC291E232F758000C6C6E1 /* ViewController.h */ = {isa = PBXFileReference; lastKnownFileType = sourcecode.c.h; path = ViewController.h; sourceTree = "<group>"; };
		3EAC291F232F758000C6C6E1 /* ViewController.m */ = {isa = PBXFileReference; lastKnownFileType = sourcecode.c.objc; path = ViewController.m; sourceTree = "<group>"; };
		3EAC2922232F758000C6C6E1 /* Base */ = {isa = PBXFileReference; lastKnownFileType = file.storyboard; name = Base; path = Base.lproj/Main.storyboard; sourceTree = "<group>"; };
		3EAC2924232F758100C6C6E1 /* Assets.xcassets */ = {isa = PBXFileReference; lastKnownFileType = folder.assetcatalog; path = Assets.xcassets; sourceTree = "<group>"; };
		3EAC2927232F758100C6C6E1 /* Base */ = {isa = PBXFileReference; lastKnownFileType = file.storyboard; name = Base; path = Base.lproj/LaunchScreen.storyboard; sourceTree = "<group>"; };
		3EAC2929232F758100C6C6E1 /* Info.plist */ = {isa = PBXFileReference; lastKnownFileType = text.plist.xml; path = Info.plist; sourceTree = "<group>"; };
		3EAC292A232F758100C6C6E1 /* main.m */ = {isa = PBXFileReference; lastKnownFileType = sourcecode.c.objc; path = main.m; sourceTree = "<group>"; };
		40F7F7AEA965792A1698F805 /* Pods-ModuleDemo.debug.xcconfig */ = {isa = PBXFileReference; includeInIndex = 1; lastKnownFileType = text.xcconfig; name = "Pods-ModuleDemo.debug.xcconfig"; path = "Pods/Target Support Files/Pods-ModuleDemo/Pods-ModuleDemo.debug.xcconfig"; sourceTree = "<group>"; };
		5BA9890BE58A55D67D627C79 /* Pods-ModuleDemo.release.xcconfig */ = {isa = PBXFileReference; includeInIndex = 1; lastKnownFileType = text.xcconfig; name = "Pods-ModuleDemo.release.xcconfig"; path = "Pods/Target Support Files/Pods-ModuleDemo/Pods-ModuleDemo.release.xcconfig"; sourceTree = "<group>"; };
		F9A5A3F51A519DF0B0004E3A /* libPods-ModuleDemo.a */ = {isa = PBXFileReference; explicitFileType = archive.ar; includeInIndex = 0; path = "libPods-ModuleDemo.a"; sourceTree = BUILT_PRODUCTS_DIR; };
/* End PBXFileReference section */

/* Begin PBXFrameworksBuildPhase section */
		3EAC2915232F758000C6C6E1 /* Frameworks */ = {
			isa = PBXFrameworksBuildPhase;
			buildActionMask = 2147483647;
			files = (
				55D82EC835D9A3ECFA025A9A /* libPods-ModuleDemo.a in Frameworks */,
			);
			runOnlyForDeploymentPostprocessing = 0;
		};
/* End PBXFrameworksBuildPhase section */

/* Begin PBXGroup section */
		0ED5707BB1A9ED6E61B21DBA /* Frameworks */ = {
			isa = PBXGroup;
			children = (
				F9A5A3F51A519DF0B0004E3A /* libPods-ModuleDemo.a */,
			);
			name = Frameworks;
			sourceTree = "<group>";
		};
		3EAC290F232F758000C6C6E1 = {
			isa = PBXGroup;
			children = (
				3EAC291A232F758000C6C6E1 /* ModuleDemo */,
				3EAC2919232F758000C6C6E1 /* Products */,
				C7CF2C55E83A8245DD3DDC19 /* Pods */,
				0ED5707BB1A9ED6E61B21DBA /* Frameworks */,
			);
			sourceTree = "<group>";
		};
		3EAC2919232F758000C6C6E1 /* Products */ = {
			isa = PBXGroup;
			children = (
				3EAC2918232F758000C6C6E1 /* ModuleDemo.app */,
			);
			name = Products;
			sourceTree = "<group>";
		};
		3EAC291A232F758000C6C6E1 /* ModuleDemo */ = {
			isa = PBXGroup;
			children = (
				3EAC291B232F758000C6C6E1 /* AppDelegate.h */,
				3EAC291C232F758000C6C6E1 /* AppDelegate.m */,
				3EAC291E232F758000C6C6E1 /* ViewController.h */,
				3EAC291F232F758000C6C6E1 /* ViewController.m */,
				3EAC2921232F758000C6C6E1 /* Main.storyboard */,
				3EAC2924232F758100C6C6E1 /* Assets.xcassets */,
				3EAC2926232F758100C6C6E1 /* LaunchScreen.storyboard */,
				3EAC2929232F758100C6C6E1 /* Info.plist */,
				3EAC292A232F758100C6C6E1 /* main.m */,
			);
			path = ModuleDemo;
			sourceTree = "<group>";
		};
		C7CF2C55E83A8245DD3DDC19 /* Pods */ = {
			isa = PBXGroup;
			children = (
				40F7F7AEA965792A1698F805 /* Pods-ModuleDemo.debug.xcconfig */,
				5BA9890BE58A55D67D627C79 /* Pods-ModuleDemo.release.xcconfig */,
			);
			name = Pods;
			sourceTree = "<group>";
		};
/* End PBXGroup section */

/* Begin PBXNativeTarget section */
		3EAC2917232F758000C6C6E1 /* ModuleDemo */ = {
			isa = PBXNativeTarget;
			buildConfigurationList = 3EAC292E232F758100C6C6E1 /* Build configuration list for PBXNativeTarget "ModuleDemo" */;
			buildPhases = (
				418F3C82046552290FCFA33F /* [CP] Check Pods Manifest.lock */,
				3EAC2914232F758000C6C6E1 /* Sources */,
				3EAC2915232F758000C6C6E1 /* Frameworks */,
				3EAC2916232F758000C6C6E1 /* Resources */,
			);
			buildRules = (
			);
			dependencies = (
			);
			name = ModuleDemo;
			productName = ModuleDemo;
			productReference = 3EAC2918232F758000C6C6E1 /* ModuleDemo.app */;
			productType = "com.apple.product-type.application";
		};
/* End PBXNativeTarget section */

/* Begin PBXProject section */
		3EAC2910232F758000C6C6E1 /* Project object */ = {
			isa = PBXProject;
			attributes = {
				LastUpgradeCheck = 1020;
				ORGANIZATIONNAME = "great better";
				TargetAttributes = {
					3EAC2917232F758000C6C6E1 = {
						CreatedOnToolsVersion = 10.2;
					};
				};
			};
			buildConfigurationList = 3EAC2913232F758000C6C6E1 /* Build configuration list for PBXProject "ModuleDemo" */;
			compatibilityVersion = "Xcode 9.3";
			developmentRegion = en;
			hasScannedForEncodings = 0;
			knownRegions = (
				en,
				Base,
			);
			mainGroup = 3EAC290F232F758000C6C6E1;
			productRefGroup = 3EAC2919232F758000C6C6E1 /* Products */;
			projectDirPath = "";
			projectRoot = "";
			targets = (
				3EAC2917232F758000C6C6E1 /* ModuleDemo */,
			);
		};
/* End PBXProject section */

/* Begin PBXResourcesBuildPhase section */
		3EAC2916232F758000C6C6E1 /* Resources */ = {
			isa = PBXResourcesBuildPhase;
			buildActionMask = 2147483647;
			files = (
				3EAC2928232F758100C6C6E1 /* LaunchScreen.storyboard in Resources */,
				3EAC2925232F758100C6C6E1 /* Assets.xcassets in Resources */,
				3EAC2923232F758000C6C6E1 /* Main.storyboard in Resources */,
			);
			runOnlyForDeploymentPostprocessing = 0;
		};
/* End PBXResourcesBuildPhase section */

/* Begin PBXShellScriptBuildPhase section */
		418F3C82046552290FCFA33F /* [CP] Check Pods Manifest.lock */ = {
			isa = PBXShellScriptBuildPhase;
			buildActionMask = 2147483647;
			files = (
			);
			inputFileListPaths = (
			);
			inputPaths = (
				"${PODS_PODFILE_DIR_PATH}/Podfile.lock",
				"${PODS_ROOT}/Manifest.lock",
			);
			name = "[CP] Check Pods Manifest.lock";
			outputFileListPaths = (
			);
			outputPaths = (
				"$(DERIVED_FILE_DIR)/Pods-ModuleDemo-checkManifestLockResult.txt",
			);
			runOnlyForDeploymentPostprocessing = 0;
			shellPath = /bin/sh;
			shellScript = "diff \"${PODS_PODFILE_DIR_PATH}/Podfile.lock\" \"${PODS_ROOT}/Manifest.lock\" > /dev/null\nif [ $? != 0 ] ; then\n    # print error to STDERR\n    echo \"error: The sandbox is not in sync with the Podfile.lock. Run 'pod install' or update your CocoaPods installation.\" >&2\n    exit 1\nfi\n# This output is used by Xcode 'outputs' to avoid re-running this script phase.\necho \"SUCCESS\" > \"${SCRIPT_OUTPUT_FILE_0}\"\n";
			showEnvVarsInLog = 0;
		};
/* End PBXShellScriptBuildPhase section */

/* Begin PBXSourcesBuildPhase section */
		3EAC2914232F758000C6C6E1 /* Sources */ = {
			isa = PBXSourcesBuildPhase;
			buildActionMask = 2147483647;
			files = (
				3EAC2920232F758000C6C6E1 /* ViewController.m in Sources */,
				3EAC292B232F758100C6C6E1 /* main.m in Sources */,
				3EAC291D232F758000C6C6E1 /* AppDelegate.m in Sources */,
			);
			runOnlyForDeploymentPostprocessing = 0;
		};
/* End PBXSourcesBuildPhase section */

/* Begin PBXVariantGroup section */
		3EAC2921232F758000C6C6E1 /* Main.storyboard */ = {
			isa = PBXVariantGroup;
			children = (
				3EAC2922232F758000C6C6E1 /* Base */,
			);
			name = Main.storyboard;
			sourceTree = "<group>";
		};
		3EAC2926232F758100C6C6E1 /* LaunchScreen.storyboard */ = {
			isa = PBXVariantGroup;
			children = (
				3EAC2927232F758100C6C6E1 /* Base */,
			);
			name = LaunchScreen.storyboard;
			sourceTree = "<group>";
		};
/* End PBXVariantGroup section */

/* Begin XCBuildConfiguration section */
		3EAC292C232F758100C6C6E1 /* Debug */ = {
			isa = XCBuildConfiguration;
			buildSettings = {
				ALWAYS_SEARCH_USER_PATHS = NO;
				CLANG_ANALYZER_NONNULL = YES;
				CLANG_ANALYZER_NUMBER_OBJECT_CONVERSION = YES_AGGRESSIVE;
				CLANG_CXX_LANGUAGE_STANDARD = "gnu++14";
				CLANG_CXX_LIBRARY = "libc++";
				CLANG_ENABLE_MODULES = YES;
				CLANG_ENABLE_OBJC_ARC = YES;
				CLANG_ENABLE_OBJC_WEAK = YES;
				CLANG_WARN_BLOCK_CAPTURE_AUTORELEASING = YES;
				CLANG_WARN_BOOL_CONVERSION = YES;
				CLANG_WARN_COMMA = YES;
				CLANG_WARN_CONSTANT_CONVERSION = YES;
				CLANG_WARN_DEPRECATED_OBJC_IMPLEMENTATIONS = YES;
				CLANG_WARN_DIRECT_OBJC_ISA_USAGE = YES_ERROR;
				CLANG_WARN_DOCUMENTATION_COMMENTS = YES;
				CLANG_WARN_EMPTY_BODY = YES;
				CLANG_WARN_ENUM_CONVERSION = YES;
				CLANG_WARN_INFINITE_RECURSION = YES;
				CLANG_WARN_INT_CONVERSION = YES;
				CLANG_WARN_NON_LITERAL_NULL_CONVERSION = YES;
				CLANG_WARN_OBJC_IMPLICIT_RETAIN_SELF = YES;
				CLANG_WARN_OBJC_LITERAL_CONVERSION = YES;
				CLANG_WARN_OBJC_ROOT_CLASS = YES_ERROR;
				CLANG_WARN_RANGE_LOOP_ANALYSIS = YES;
				CLANG_WARN_STRICT_PROTOTYPES = YES;
				CLANG_WARN_SUSPICIOUS_MOVE = YES;
				CLANG_WARN_UNGUARDED_AVAILABILITY = YES_AGGRESSIVE;
				CLANG_WARN_UNREACHABLE_CODE = YES;
				CLANG_WARN__DUPLICATE_METHOD_MATCH = YES;
				CODE_SIGN_IDENTITY = "iPhone Developer";
				COPY_PHASE_STRIP = NO;
				DEBUG_INFORMATION_FORMAT = dwarf;
				ENABLE_STRICT_OBJC_MSGSEND = YES;
				ENABLE_TESTABILITY = YES;
				GCC_C_LANGUAGE_STANDARD = gnu11;
				GCC_DYNAMIC_NO_PIC = NO;
				GCC_NO_COMMON_BLOCKS = YES;
				GCC_OPTIMIZATION_LEVEL = 0;
				GCC_PREPROCESSOR_DEFINITIONS = (
					"DEBUG=1",
					"$(inherited)",
				);
				GCC_WARN_64_TO_32_BIT_CONVERSION = YES;
				GCC_WARN_ABOUT_RETURN_TYPE = YES_ERROR;
				GCC_WARN_UNDECLARED_SELECTOR = YES;
				GCC_WARN_UNINITIALIZED_AUTOS = YES_AGGRESSIVE;
				GCC_WARN_UNUSED_FUNCTION = YES;
				GCC_WARN_UNUSED_VARIABLE = YES;
				IPHONEOS_DEPLOYMENT_TARGET = 12.2;
				MTL_ENABLE_DEBUG_INFO = INCLUDE_SOURCE;
				MTL_FAST_MATH = YES;
				ONLY_ACTIVE_ARCH = YES;
				SDKROOT = iphoneos;
			};
			name = Debug;
		};
		3EAC292D232F758100C6C6E1 /* Release */ = {
			isa = XCBuildConfiguration;
			buildSettings = {
				ALWAYS_SEARCH_USER_PATHS = NO;
				CLANG_ANALYZER_NONNULL = YES;
				CLANG_ANALYZER_NUMBER_OBJECT_CONVERSION = YES_AGGRESSIVE;
				CLANG_CXX_LANGUAGE_STANDARD = "gnu++14";
				CLANG_CXX_LIBRARY = "libc++";
				CLANG_ENABLE_MODULES = YES;
				CLANG_ENABLE_OBJC_ARC = YES;
				CLANG_ENABLE_OBJC_WEAK = YES;
				CLANG_WARN_BLOCK_CAPTURE_AUTORELEASING = YES;
				CLANG_WARN_BOOL_CONVERSION = YES;
				CLANG_WARN_COMMA = YES;
				CLANG_WARN_CONSTANT_CONVERSION = YES;
				CLANG_WARN_DEPRECATED_OBJC_IMPLEMENTATIONS = YES;
				CLANG_WARN_DIRECT_OBJC_ISA_USAGE = YES_ERROR;
				CLANG_WARN_DOCUMENTATION_COMMENTS = YES;
				CLANG_WARN_EMPTY_BODY = YES;
				CLANG_WARN_ENUM_CONVERSION = YES;
				CLANG_WARN_INFINITE_RECURSION = YES;
				CLANG_WARN_INT_CONVERSION = YES;
				CLANG_WARN_NON_LITERAL_NULL_CONVERSION = YES;
				CLANG_WARN_OBJC_IMPLICIT_RETAIN_SELF = YES;
				CLANG_WARN_OBJC_LITERAL_CONVERSION = YES;
				CLANG_WARN_OBJC_ROOT_CLASS = YES_ERROR;
				CLANG_WARN_RANGE_LOOP_ANALYSIS = YES;
				CLANG_WARN_STRICT_PROTOTYPES = YES;
				CLANG_WARN_SUSPICIOUS_MOVE = YES;
				CLANG_WARN_UNGUARDED_AVAILABILITY = YES_AGGRESSIVE;
				CLANG_WARN_UNREACHABLE_CODE = YES;
				CLANG_WARN__DUPLICATE_METHOD_MATCH = YES;
				CODE_SIGN_IDENTITY = "iPhone Developer";
				COPY_PHASE_STRIP = NO;
				DEBUG_INFORMATION_FORMAT = "dwarf-with-dsym";
				ENABLE_NS_ASSERTIONS = NO;
				ENABLE_STRICT_OBJC_MSGSEND = YES;
				GCC_C_LANGUAGE_STANDARD = gnu11;
				GCC_NO_COMMON_BLOCKS = YES;
				GCC_WARN_64_TO_32_BIT_CONVERSION = YES;
				GCC_WARN_ABOUT_RETURN_TYPE = YES_ERROR;
				GCC_WARN_UNDECLARED_SELECTOR = YES;
				GCC_WARN_UNINITIALIZED_AUTOS = YES_AGGRESSIVE;
				GCC_WARN_UNUSED_FUNCTION = YES;
				GCC_WARN_UNUSED_VARIABLE = YES;
				IPHONEOS_DEPLOYMENT_TARGET = 12.2;
				MTL_ENABLE_DEBUG_INFO = NO;
				MTL_FAST_MATH = YES;
				SDKROOT = iphoneos;
				VALIDATE_PRODUCT = YES;
			};
			name = Release;
		};
		3EAC292F232F758100C6C6E1 /* Debug */ = {
			isa = XCBuildConfiguration;
			baseConfigurationReference = 40F7F7AEA965792A1698F805 /* Pods-ModuleDemo.debug.xcconfig */;
			buildSettings = {
				ASSETCATALOG_COMPILER_APPICON_NAME = AppIcon;
				CODE_SIGN_STYLE = Automatic;
				INFOPLIST_FILE = ModuleDemo/Info.plist;
				LD_RUNPATH_SEARCH_PATHS = (
					"$(inherited)",
					"@executable_path/Frameworks",
				);
				PRODUCT_BUNDLE_IDENTIFIER = com.picam.art.ModuleDemo;
				PRODUCT_NAME = "$(TARGET_NAME)";
				TARGETED_DEVICE_FAMILY = "1,2";
			};
			name = Debug;
		};
		3EAC2930232F758100C6C6E1 /* Release */ = {
			isa = XCBuildConfiguration;
			baseConfigurationReference = 5BA9890BE58A55D67D627C79 /* Pods-ModuleDemo.release.xcconfig */;
			buildSettings = {
				ASSETCATALOG_COMPILER_APPICON_NAME = AppIcon;
				CODE_SIGN_STYLE = Automatic;
				INFOPLIST_FILE = ModuleDemo/Info.plist;
				LD_RUNPATH_SEARCH_PATHS = (
					"$(inherited)",
					"@executable_path/Frameworks",
				);
				PRODUCT_BUNDLE_IDENTIFIER = com.picam.art.ModuleDemo;
				PRODUCT_NAME = "$(TARGET_NAME)";
				TARGETED_DEVICE_FAMILY = "1,2";
			};
			name = Release;
		};
/* End XCBuildConfiguration section */

/* Begin XCConfigurationList section */
		3EAC2913232F758000C6C6E1 /* Build configuration list for PBXProject "ModuleDemo" */ = {
			isa = XCConfigurationList;
			buildConfigurations = (
				3EAC292C232F758100C6C6E1 /* Debug */,
				3EAC292D232F758100C6C6E1 /* Release */,
			);
			defaultConfigurationIsVisible = 0;
			defaultConfigurationName = Release;
		};
		3EAC292E232F758100C6C6E1 /* Build configuration list for PBXNativeTarget "ModuleDemo" */ = {
			isa = XCConfigurationList;
			buildConfigurations = (
				3EAC292F232F758100C6C6E1 /* Debug */,
				3EAC2930232F758100C6C6E1 /* Release */,
			);
			defaultConfigurationIsVisible = 0;
			defaultConfigurationName = Release;
		};
/* End XCConfigurationList section */
	};
	rootObject = 3EAC2910232F758000C6C6E1 /* Project object */;
}
